
Microsoft Visual Studio Solution File, Format Version 12.00
# Visual Studio Version 17
VisualStudioVersion = 17.13.35931.197 d17.13
MinimumVisualStudioVersion = 10.0.40219.1
Project("{FAE04EC0-301F-11D3-BF4B-00C04F79EFBC}") = "testing_windows_graph", "testing_windows_graph\testing_windows_graph.csproj", "{23BB591D-C606-4E93-91D1-D3A7B3BB6D16}"
EndProject
Global
	GlobalSection(SolutionConfigurationPlatforms) = preSolution
		Debug|Any CPU = Debug|Any CPU
		Release|Any CPU = Release|Any CPU
	EndGlobalSection
	GlobalSection(ProjectConfigurationPlatforms) = postSolution
		{23BB591D-C606-4E93-91D1-D3A7B3BB6D16}.Debug|Any CPU.ActiveCfg = Debug|Any CPU
		{23BB591D-C606-4E93-91D1-D3A7B3BB6D16}.Debug|Any CPU.Build.0 = Debug|Any CPU
		{23BB591D-C606-4E93-91D1-D3A7B3BB6D16}.Release|Any CPU.ActiveCfg = Release|Any CPU
		{23BB591D-C606-4E93-91D1-D3A7B3BB6D16}.Release|Any CPU.Build.0 = Release|Any CPU
	EndGlobalSection
	GlobalSection(SolutionProperties) = preSolution
		HideSolutionNode = FALSE
	EndGlobalSection
	GlobalSection(ExtensibilityGlobals) = postSolution
		SolutionGuid = {EB9C20DD-1FBC-4E5A-BEE3-A830462606FB}
	EndGlobalSection
EndGlobal
